// !$*UTF8*$!
{
	archiveVersion = 1;
	classes = {
	};
	objectVersion = 46;
	objects = {

/* Begin PBXBuildFile section */
		D9A67CC91EA4FD5B00CE2186 /* AppDelegate.swift in Sources */ = {isa = PBXBuildFile; fileRef = D9A67CC81EA4FD5B00CE2186 /* AppDelegate.swift */; };
		D9A67CCB1EA4FD5B00CE2186 /* ViewController.swift in Sources */ = {isa = PBXBuildFile; fileRef = D9A67CCA1EA4FD5B00CE2186 /* ViewController.swift */; };
		D9A67CCE1EA4FD5B00CE2186 /* Main.storyboard in Resources */ = {isa = PBXBuildFile; fileRef = D9A67CCC1EA4FD5B00CE2186 /* Main.storyboard */; };
		D9A67CD01EA4FD5B00CE2186 /* Assets.xcassets in Resources */ = {isa = PBXBuildFile; fileRef = D9A67CCF1EA4FD5B00CE2186 /* Assets.xcassets */; };
		D9A67CD31EA4FD5B00CE2186 /* LaunchScreen.storyboard in Resources */ = {isa = PBXBuildFile; fileRef = D9A67CD11EA4FD5B00CE2186 /* LaunchScreen.storyboard */; };
		D9A67CDF1EA5021D00CE2186 /* Bolts.framework in Frameworks */ = {isa = PBXBuildFile; fileRef = D9A67CDB1EA5021D00CE2186 /* Bolts.framework */; };
		D9A67CE01EA5021D00CE2186 /* FBSDKCoreKit.framework in Frameworks */ = {isa = PBXBuildFile; fileRef = D9A67CDC1EA5021D00CE2186 /* FBSDKCoreKit.framework */; };
		D9A67CE11EA5021D00CE2186 /* FBSDKLoginKit.framework in Frameworks */ = {isa = PBXBuildFile; fileRef = D9A67CDD1EA5021D00CE2186 /* FBSDKLoginKit.framework */; };
		D9A67CE21EA5021D00CE2186 /* FBSDKShareKit.framework in Frameworks */ = {isa = PBXBuildFile; fileRef = D9A67CDE1EA5021D00CE2186 /* FBSDKShareKit.framework */; };
/* End PBXBuildFile section */

/* Begin PBXFileReference section */
		D9A67CC51EA4FD5B00CE2186 /* facebookLogin.app */ = {isa = PBXFileReference; explicitFileType = wrapper.application; includeInIndex = 0; path = facebookLogin.app; sourceTree = BUILT_PRODUCTS_DIR; };
		D9A67CC81EA4FD5B00CE2186 /* AppDelegate.swift */ = {isa = PBXFileReference; lastKnownFileType = sourcecode.swift; path = AppDelegate.swift; sourceTree = "<group>"; };
		D9A67CCA1EA4FD5B00CE2186 /* ViewController.swift */ = {isa = PBXFileReference; lastKnownFileType = sourcecode.swift; path = ViewController.swift; sourceTree = "<group>"; };
		D9A67CCD1EA4FD5B00CE2186 /* Base */ = {isa = PBXFileReference; lastKnownFileType = file.storyboard; name = Base; path = Base.lproj/Main.storyboard; sourceTree = "<group>"; };
		D9A67CCF1EA4FD5B00CE2186 /* Assets.xcassets */ = {isa = PBXFileReference; lastKnownFileType = folder.assetcatalog; path = Assets.xcassets; sourceTree = "<group>"; };
		D9A67CD21EA4FD5B00CE2186 /* Base */ = {isa = PBXFileReference; lastKnownFileType = file.storyboard; name = Base; path = Base.lproj/LaunchScreen.storyboard; sourceTree = "<group>"; };
		D9A67CD41EA4FD5B00CE2186 /* Info.plist */ = {isa = PBXFileReference; lastKnownFileType = text.plist.xml; path = Info.plist; sourceTree = "<group>"; };
		D9A67CDB1EA5021D00CE2186 /* Bolts.framework */ = {isa = PBXFileReference; lastKnownFileType = wrapper.framework; name = Bolts.framework; path = "FacebookSDKs-iOS-4/Bolts.framework"; sourceTree = "<group>"; };
		D9A67CDC1EA5021D00CE2186 /* FBSDKCoreKit.framework */ = {isa = PBXFileReference; lastKnownFileType = wrapper.framework; name = FBSDKCoreKit.framework; path = "FacebookSDKs-iOS-4/FBSDKCoreKit.framework"; sourceTree = "<group>"; };
		D9A67CDD1EA5021D00CE2186 /* FBSDKLoginKit.framework */ = {isa = PBXFileReference; lastKnownFileType = wrapper.framework; name = FBSDKLoginKit.framework; path = "FacebookSDKs-iOS-4/FBSDKLoginKit.framework"; sourceTree = "<group>"; };
		D9A67CDE1EA5021D00CE2186 /* FBSDKShareKit.framework */ = {isa = PBXFileReference; lastKnownFileType = wrapper.framework; name = FBSDKShareKit.framework; path = "FacebookSDKs-iOS-4/FBSDKShareKit.framework"; sourceTree = "<group>"; };
/* End PBXFileReference section */

/* Begin PBXFrameworksBuildPhase section */
		D9A67CC21EA4FD5B00CE2186 /* Frameworks */ = {
			isa = PBXFrameworksBuildPhase;
			buildActionMask = 2147483647;
			files = (
				D9A67CE21EA5021D00CE2186 /* FBSDKShareKit.framework in Frameworks */,
				D9A67CDF1EA5021D00CE2186 /* Bolts.framework in Frameworks */,
				D9A67CE01EA5021D00CE2186 /* FBSDKCoreKit.framework in Frameworks */,
				D9A67CE11EA5021D00CE2186 /* FBSDKLoginKit.framework in Frameworks */,
			);
			runOnlyForDeploymentPostprocessing = 0;
		};
/* End PBXFrameworksBuildPhase section */

/* Begin PBXGroup section */
		D9A67CBC1EA4FD5A00CE2186 = {
			isa = PBXGroup;
			children = (
				D9A67CC71EA4FD5B00CE2186 /* facebookLogin */,
				D9A67CDA1EA501B200CE2186 /* frameworks */,
				D9A67CC61EA4FD5B00CE2186 /* Products */,
			);
			sourceTree = "<group>";
		};
		D9A67CC61EA4FD5B00CE2186 /* Products */ = {
			isa = PBXGroup;
			children = (
				D9A67CC51EA4FD5B00CE2186 /* facebookLogin.app */,
			);
			name = Products;
			sourceTree = "<group>";
		};
		D9A67CC71EA4FD5B00CE2186 /* facebookLogin */ = {
			isa = PBXGroup;
			children = (
				D9A67CC81EA4FD5B00CE2186 /* AppDelegate.swift */,
				D9A67CCA1EA4FD5B00CE2186 /* ViewController.swift */,
				D9A67CCC1EA4FD5B00CE2186 /* Main.storyboard */,
				D9A67CCF1EA4FD5B00CE2186 /* Assets.xcassets */,
				D9A67CD11EA4FD5B00CE2186 /* LaunchScreen.storyboard */,
				D9A67CD41EA4FD5B00CE2186 /* Info.plist */,
			);
			path = facebookLogin;
			sourceTree = "<group>";
		};
		D9A67CDA1EA501B200CE2186 /* frameworks */ = {
			isa = PBXGroup;
			children = (
				D9A67CDB1EA5021D00CE2186 /* Bolts.framework */,
				D9A67CDC1EA5021D00CE2186 /* FBSDKCoreKit.framework */,
				D9A67CDD1EA5021D00CE2186 /* FBSDKLoginKit.framework */,
				D9A67CDE1EA5021D00CE2186 /* FBSDKShareKit.framework */,
			);
			name = frameworks;
			sourceTree = "<group>";
		};
/* End PBXGroup section */

/* Begin PBXNativeTarget section */
		D9A67CC41EA4FD5B00CE2186 /* facebookLogin */ = {
			isa = PBXNativeTarget;
			buildConfigurationList = D9A67CD71EA4FD5B00CE2186 /* Build configuration list for PBXNativeTarget "facebookLogin" */;
			buildPhases = (
				D9A67CC11EA4FD5B00CE2186 /* Sources */,
				D9A67CC21EA4FD5B00CE2186 /* Frameworks */,
				D9A67CC31EA4FD5B00CE2186 /* Resources */,
			);
			buildRules = (
			);
			dependencies = (
			);
			name = facebookLogin;
			productName = facebookLogin;
			productReference = D9A67CC51EA4FD5B00CE2186 /* facebookLogin.app */;
			productType = "com.apple.product-type.application";
		};
/* End PBXNativeTarget section */

/* Begin PBXProject section */
		D9A67CBD1EA4FD5A00CE2186 /* Project object */ = {
			isa = PBXProject;
			attributes = {
				LastSwiftUpdateCheck = 0820;
				LastUpgradeCheck = 0820;
				ORGANIZATIONNAME = antonson10;
				TargetAttributes = {
					D9A67CC41EA4FD5B00CE2186 = {
						CreatedOnToolsVersion = 8.2.1;
						DevelopmentTeam = M5GZ67J83W;
						ProvisioningStyle = Automatic;
					};
				};
			};
			buildConfigurationList = D9A67CC01EA4FD5B00CE2186 /* Build configuration list for PBXProject "facebookLogin" */;
			compatibilityVersion = "Xcode 3.2";
			developmentRegion = English;
			hasScannedForEncodings = 0;
			knownRegions = (
				en,
				Base,
			);
			mainGroup = D9A67CBC1EA4FD5A00CE2186;
			productRefGroup = D9A67CC61EA4FD5B00CE2186 /* Products */;
			projectDirPath = "";
			projectRoot = "";
			targets = (
				D9A67CC41EA4FD5B00CE2186 /* facebookLogin */,
			);
		};
/* End PBXProject section */

/* Begin PBXResourcesBuildPhase section */
		D9A67CC31EA4FD5B00CE2186 /* Resources */ = {
			isa = PBXResourcesBuildPhase;
			buildActionMask = 2147483647;
			files = (
				D9A67CD31EA4FD5B00CE2186 /* LaunchScreen.storyboard in Resources */,
				D9A67CD01EA4FD5B00CE2186 /* Assets.xcassets in Resources */,
				D9A67CCE1EA4FD5B00CE2186 /* Main.storyboard in Resources */,
			);
			runOnlyForDeploymentPostprocessing = 0;
		};
/* End PBXResourcesBuildPhase section */

/* Begin PBXSourcesBuildPhase section */
		D9A67CC11EA4FD5B00CE2186 /* Sources */ = {
			isa = PBXSourcesBuildPhase;
			buildActionMask = 2147483647;
			files = (
				D9A67CCB1EA4FD5B00CE2186 /* ViewController.swift in Sources */,
				D9A67CC91EA4FD5B00CE2186 /* AppDelegate.swift in Sources */,
			);
			runOnlyForDeploymentPostprocessing = 0;
		};
/* End PBXSourcesBuildPhase section */

/* Begin PBXVariantGroup section */
		D9A67CCC1EA4FD5B00CE2186 /* Main.storyboard */ = {
			isa = PBXVariantGroup;
			children = (
				D9A67CCD1EA4FD5B00CE2186 /* Base */,
			);
			name = Main.storyboard;
			sourceTree = "<group>";
		};
		D9A67CD11EA4FD5B00CE2186 /* LaunchScreen.storyboard */ = {
			isa = PBXVariantGroup;
			children = (
				D9A67CD21EA4FD5B00CE2186 /* Base */,
			);
			name = LaunchScreen.storyboard;
			sourceTree = "<group>";
		};
/* End PBXVariantGroup section */

/* Begin XCBuildConfiguration section */
		D9A67CD51EA4FD5B00CE2186 /* Debug */ = {
			isa = XCBuildConfiguration;
			buildSettings = {
				ALWAYS_SEARCH_USER_PATHS = NO;
				CLANG_ANALYZER_NONNULL = YES;
				CLANG_CXX_LANGUAGE_STANDARD = "gnu++0x";
				CLANG_CXX_LIBRARY = "libc++";
				CLANG_ENABLE_MODULES = YES;
				CLANG_ENABLE_OBJC_ARC = YES;
				CLANG_WARN_BOOL_CONVERSION = YES;
				CLANG_WARN_CONSTANT_CONVERSION = YES;
				CLANG_WARN_DIRECT_OBJC_ISA_USAGE = YES_ERROR;
				CLANG_WARN_DOCUMENTATION_COMMENTS = YES;
				CLANG_WARN_EMPTY_BODY = YES;
				CLANG_WARN_ENUM_CONVERSION = YES;
				CLANG_WARN_INFINITE_RECURSION = YES;
				CLANG_WARN_INT_CONVERSION = YES;
				CLANG_WARN_OBJC_ROOT_CLASS = YES_ERROR;
				CLANG_WARN_SUSPICIOUS_MOVE = YES;
				CLANG_WARN_UNREACHABLE_CODE = YES;
				CLANG_WARN__DUPLICATE_METHOD_MATCH = YES;
				"CODE_SIGN_IDENTITY[sdk=iphoneos*]" = "iPhone Developer";
				COPY_PHASE_STRIP = NO;
				DEBUG_INFORMATION_FORMAT = dwarf;
				ENABLE_STRICT_OBJC_MSGSEND = YES;
				ENABLE_TESTABILITY = YES;
				GCC_C_LANGUAGE_STANDARD = gnu99;
				GCC_DYNAMIC_NO_PIC = NO;
				GCC_NO_COMMON_BLOCKS = YES;
				GCC_OPTIMIZATION_LEVEL = 0;
				GCC_PREPROCESSOR_DEFINITIONS = (
					"DEBUG=1",
					"$(inherited)",
				);
				GCC_WARN_64_TO_32_BIT_CONVERSION = YES;
				GCC_WARN_ABOUT_RETURN_TYPE = YES_ERROR;
				GCC_WARN_UNDECLARED_SELECTOR = YES;
				GCC_WARN_UNINITIALIZED_AUTOS = YES_AGGRESSIVE;
				GCC_WARN_UNUSED_FUNCTION = YES;
				GCC_WARN_UNUSED_VARIABLE = YES;
				IPHONEOS_DEPLOYMENT_TARGET = 10.2;
				MTL_ENABLE_DEBUG_INFO = YES;
				ONLY_ACTIVE_ARCH = YES;
				SDKROOT = iphoneos;
				SWIFT_ACTIVE_COMPILATION_CONDITIONS = DEBUG;
				SWIFT_OPTIMIZATION_LEVEL = "-Onone";
			};
			name = Debug;
		};
		D9A67CD61EA4FD5B00CE2186 /* Release */ = {
			isa = XCBuildConfiguration;
			buildSettings = {
				ALWAYS_SEARCH_USER_PATHS = NO;
				CLANG_ANALYZER_NONNULL = YES;
				CLANG_CXX_LANGUAGE_STANDARD = "gnu++0x";
				CLANG_CXX_LIBRARY = "libc++";
				CLANG_ENABLE_MODULES = YES;
				CLANG_ENABLE_OBJC_ARC = YES;
				CLANG_WARN_BOOL_CONVERSION = YES;
				CLANG_WARN_CONSTANT_CONVERSION = YES;
				CLANG_WARN_DIRECT_OBJC_ISA_USAGE = YES_ERROR;
				CLANG_WARN_DOCUMENTATION_COMMENTS = YES;
				CLANG_WARN_EMPTY_BODY = YES;
				CLANG_WARN_ENUM_CONVERSION = YES;
				CLANG_WARN_INFINITE_RECURSION = YES;
				CLANG_WARN_INT_CONVERSION = YES;
				CLANG_WARN_OBJC_ROOT_CLASS = YES_ERROR;
				CLANG_WARN_SUSPICIOUS_MOVE = YES;
				CLANG_WARN_UNREACHABLE_CODE = YES;
				CLANG_WARN__DUPLICATE_METHOD_MATCH = YES;
				"CODE_SIGN_IDENTITY[sdk=iphoneos*]" = "iPhone Developer";
				COPY_PHASE_STRIP = NO;
				DEBUG_INFORMATION_FORMAT = "dwarf-with-dsym";
				ENABLE_NS_ASSERTIONS = NO;
				ENABLE_STRICT_OBJC_MSGSEND = YES;
				GCC_C_LANGUAGE_STANDARD = gnu99;
				GCC_NO_COMMON_BLOCKS = YES;
				GCC_WARN_64_TO_32_BIT_CONVERSION = YES;
				GCC_WARN_ABOUT_RETURN_TYPE = YES_ERROR;
				GCC_WARN_UNDECLARED_SELECTOR = YES;
				GCC_WARN_UNINITIALIZED_AUTOS = YES_AGGRESSIVE;
				GCC_WARN_UNUSED_FUNCTION = YES;
				GCC_WARN_UNUSED_VARIABLE = YES;
				IPHONEOS_DEPLOYMENT_TARGET = 10.2;
				MTL_ENABLE_DEBUG_INFO = NO;
				SDKROOT = iphoneos;
				SWIFT_OPTIMIZATION_LEVEL = "-Owholemodule";
				VALIDATE_PRODUCT = YES;
			};
			name = Release;
		};
		D9A67CD81EA4FD5B00CE2186 /* Debug */ = {
			isa = XCBuildConfiguration;
			buildSettings = {
				ASSETCATALOG_COMPILER_APPICON_NAME = AppIcon;
				DEVELOPMENT_TEAM = M5GZ67J83W;
				FRAMEWORK_SEARCH_PATHS = (
					"$(inherited)",
					"$(PROJECT_DIR)/FacebookSDKs-iOS-4",
				);
				INFOPLIST_FILE = facebookLogin/Info.plist;
				IPHONEOS_DEPLOYMENT_TARGET = 9.0;
				LD_RUNPATH_SEARCH_PATHS = "$(inherited) @executable_path/Frameworks";
				PRODUCT_BUNDLE_IDENTIFIER = com.antonson10.nf.facebookLogin;
				PRODUCT_NAME = "$(TARGET_NAME)";
				SWIFT_VERSION = 3.0;
			};
			name = Debug;
		};
		D9A67CD91EA4FD5B00CE2186 /* Release */ = {
			isa = XCBuildConfiguration;
			buildSettings = {
				ASSETCATALOG_COMPILER_APPICON_NAME = AppIcon;
				DEVELOPMENT_TEAM = M5GZ67J83W;
				FRAMEWORK_SEARCH_PATHS = (
					"$(inherited)",
					"$(PROJECT_DIR)/FacebookSDKs-iOS-4",
				);
				INFOPLIST_FILE = facebookLogin/Info.plist;
				IPHONEOS_DEPLOYMENT_TARGET = 9.0;
				LD_RUNPATH_SEARCH_PATHS = "$(inherited) @executable_path/Frameworks";
				PRODUCT_BUNDLE_IDENTIFIER = com.antonson10.nf.facebookLogin;
				PRODUCT_NAME = "$(TARGET_NAME)";
				SWIFT_VERSION = 3.0;
			};
			name = Release;
		};
/* End XCBuildConfiguration section */

/* Begin XCConfigurationList section */
		D9A67CC01EA4FD5B00CE2186 /* Build configuration list for PBXProject "facebookLogin" */ = {
			isa = XCConfigurationList;
			buildConfigurations = (
				D9A67CD51EA4FD5B00CE2186 /* Debug */,
				D9A67CD61EA4FD5B00CE2186 /* Release */,
			);
			defaultConfigurationIsVisible = 0;
			defaultConfigurationName = Release;
		};
		D9A67CD71EA4FD5B00CE2186 /* Build configuration list for PBXNativeTarget "facebookLogin" */ = {
			isa = XCConfigurationList;
			buildConfigurations = (
				D9A67CD81EA4FD5B00CE2186 /* Debug */,
				D9A67CD91EA4FD5B00CE2186 /* Release */,
			);
			defaultConfigurationIsVisible = 0;
		};
/* End XCConfigurationList section */
	};
	rootObject = D9A67CBD1EA4FD5A00CE2186 /* Project object */;
}
